# THIS IS AN AUTOGENERATED FILE. DO NOT EDIT THIS FILE DIRECTLY.
# yarn lockfile v1


"@types/googlemaps@^3.39.8":
  version "3.39.8"
  resolved "https://registry.yarnpkg.com/@types/googlemaps/-/googlemaps-3.39.8.tgz#3bca2344e1b050425a7cce4411f8330dddb75540"
  integrity sha512-z03u79t1v8QIktoUXypWD06Fzl499/hA162hurA+eCDlWXxFynuU+hMZIaferILF5Gzr4PMX1ShHszT666sUHQ==

tslib@^2.0.0:
  version "2.0.0"
  resolved "https://registry.yarnpkg.com/tslib/-/tslib-2.0.0.tgz#18d13fc2dce04051e20f074cc8387fd8089ce4f3"
  integrity sha512-lTqkx847PI7xEDYJntxZH89L2/aXInsyF2luSafe/+0fHOMjlBNXdH6th7f70qxLDhul7KZK0zC8V5ZIyHl0/g==
