{
  "name": "agm-direction",
  "version": "0.8.11",
  "lockfileVersion": 3,
  "requires": true,
  "packages": {
    "": {
      "name": "agm-direction",
      "version": "0.8.11",
      "license": "MIT",
      "dependencies": {
        "tslib": "^2.3.0"
      },
      "devDependencies": {
        "@types/googlemaps": "^3.39.12"
      },
      "peerDependencies": {
        "@agm/core": "^1.1.0",
        "@angular/common": "^15.0.0",
        "@angular/core": "^15.0.0"
      }
    },
    "node_modules/@agm/core": {
      "version": "1.1.0",
      "resolved": "https://registry.npmjs.org/@agm/core/-/core-1.1.0.tgz",
      "integrity": "sha512-cMvmm3+3/uuVFurLv1FKhE0/6ssIlDvYBjQFCi8ELg7h0OY2MkIU1MXWr7z+f/xZ08E936I4eeddni6k4yUTIA==",
      "peer": true,
      "dependencies": {
        "tslib": "^1.9.0"
      },
      "peerDependencies": {
        "@angular/common": "^6.0.0 || ^7.0.0 || ^8.0.0",
        "@angular/core": "^6.0.0 || ^7.0.0 || ^8.0.0"
      }
    },
    "node_modules/@agm/core/node_modules/tslib": {
      "version": "1.14.1",
      "resolved": "https://registry.npmjs.org/tslib/-/tslib-1.14.1.tgz",
      "integrity": "sha512-Xni35NKzjgMrwevysHTCArtLDpPvye8zV/0E4EyYn43P7/7qvQwPh9BGkHewbMulVntbigmcT7rdX3BNo9wRJg==",
      "peer": true
    },
    "node_modules/@angular/common": {
      "version": "15.2.9",
      "resolved": "https://registry.npmjs.org/@angular/common/-/common-15.2.9.tgz",
      "integrity": "sha512-LM9/UHG2dRrOzlu2KovrFwWIziFMjRxHzSP3Igw6Symw/wIl0kXGq8Fn6RpFP78zmLqnv+IQOoRiby9MCXsI4g==",
      "peer": true,
      "dependencies": {
        "tslib": "^2.3.0"
      },
      "engines": {
        "node": "^14.20.0 || ^16.13.0 || >=18.10.0"
      },
      "peerDependencies": {
        "@angular/core": "15.2.9",
        "rxjs": "^6.5.3 || ^7.4.0"
      }
    },
    "node_modules/@angular/core": {
      "version": "15.2.9",
      "resolved": "https://registry.npmjs.org/@angular/core/-/core-15.2.9.tgz",
      "integrity": "sha512-w46Z1yUXCQfKV7XfnamOoLA2VD0MVUUYVrUjO73mHSskDXSXxfZAEHO9kfUS71Cj35PvhP3mbkqWscpea2WeYg==",
      "peer": true,
      "dependencies": {
        "tslib": "^2.3.0"
      },
      "engines": {
        "node": "^14.20.0 || ^16.13.0 || >=18.10.0"
      },
      "peerDependencies": {
        "rxjs": "^6.5.3 || ^7.4.0",
        "zone.js": "~0.11.4 || ~0.12.0 || ~0.13.0"
      }
    },
    "node_modules/@types/googlemaps": {
      "version": "3.39.12",
      "resolved": "https://registry.npmjs.org/@types/googlemaps/-/googlemaps-3.39.12.tgz",
      "integrity": "sha512-z1RMvlQfmsLbg5kc0dGjSHK7DL64mOCbbtqp/Le2M3ov7xPB1d+stia38hqmOXw5dPO1dL/5fscn73d0uomkbw==",
      "deprecated": "Types for the Google Maps browser API have moved to @types/google.maps. Note: these types are not for the googlemaps npm package, which is a Node API.",
      "dev": true
    },
    "node_modules/rxjs": {
      "version": "7.8.1",
      "resolved": "https://registry.npmjs.org/rxjs/-/rxjs-7.8.1.tgz",
      "integrity": "sha512-AA3TVj+0A2iuIoQkWEK/tqFjBq2j+6PO6Y0zJcvzLAFhEFIO3HL0vls9hWLncZbAAbK0mar7oZ4V079I/qPMxg==",
      "peer": true,
      "dependencies": {
        "tslib": "^2.1.0"
      }
    },
    "node_modules/tslib": {
      "version": "2.5.3",
      "license": "0BSD"
    },
    "node_modules/zone.js": {
      "version": "0.13.0",
      "resolved": "https://registry.npmjs.org/zone.js/-/zone.js-0.13.0.tgz",
      "integrity": "sha512-7m3hNNyswsdoDobCkYNAy5WiUulkMd3+fWaGT9ij6iq3Zr/IwJo4RMCYPSDjT+r7tnPErmY9sZpKhWQ8S5k6XQ==",
      "peer": true,
      "dependencies": {
        "tslib": "^2.3.0"
      }
    }
  }
}
